
Microsoft Visual Studio Solution File, Format Version 12.00
# Visual Studio Version 17
VisualStudioVersion = 17.0.31903.59
MinimumVisualStudioVersion = 10.0.40219.1
Project("{9A19103F-16F7-4668-BE54-9A1E7A4F7556}") = "WebApi", "WebApi\WebApi.csproj", "{3250D092-4312-49A4-A152-BCD0D41A0033}"
EndProject
Project("{FAE04EC0-301F-11D3-BF4B-00C04F79EFBC}") = "Entities", "Entities\Entities.csproj", "{FE2157A2-4C9E-4787-BB37-01DE492961A1}"
EndProject
Project("{FAE04EC0-301F-11D3-BF4B-00C04F79EFBC}") = "Repositories", "Repositories\Repositories.csproj", "{464F6B58-9738-4689-B87B-557B6D87C985}"
EndProject
Project("{FAE04EC0-301F-11D3-BF4B-00C04F79EFBC}") = "Services", "Services\Services.csproj", "{3FDDD99E-0F2E-48AF-B573-9776E6E3611A}"
EndProject
Project("{FAE04EC0-301F-11D3-BF4B-00C04F79EFBC}") = "Presentation", "Presentation\Presentation.csproj", "{15DD2C10-D6AF-4E9F-9918-3582BDC26619}"
EndProject
Global
	GlobalSection(SolutionConfigurationPlatforms) = preSolution
		Debug|Any CPU = Debug|Any CPU
		Release|Any CPU = Release|Any CPU
	EndGlobalSection
	GlobalSection(ProjectConfigurationPlatforms) = postSolution
		{3250D092-4312-49A4-A152-BCD0D41A0033}.Debug|Any CPU.ActiveCfg = Debug|Any CPU
		{3250D092-4312-49A4-A152-BCD0D41A0033}.Debug|Any CPU.Build.0 = Debug|Any CPU
		{3250D092-4312-49A4-A152-BCD0D41A0033}.Release|Any CPU.ActiveCfg = Release|Any CPU
		{3250D092-4312-49A4-A152-BCD0D41A0033}.Release|Any CPU.Build.0 = Release|Any CPU
		{FE2157A2-4C9E-4787-BB37-01DE492961A1}.Debug|Any CPU.ActiveCfg = Debug|Any CPU
		{FE2157A2-4C9E-4787-BB37-01DE492961A1}.Debug|Any CPU.Build.0 = Debug|Any CPU
		{FE2157A2-4C9E-4787-BB37-01DE492961A1}.Release|Any CPU.ActiveCfg = Release|Any CPU
		{FE2157A2-4C9E-4787-BB37-01DE492961A1}.Release|Any CPU.Build.0 = Release|Any CPU
		{464F6B58-9738-4689-B87B-557B6D87C985}.Debug|Any CPU.ActiveCfg = Debug|Any CPU
		{464F6B58-9738-4689-B87B-557B6D87C985}.Debug|Any CPU.Build.0 = Debug|Any CPU
		{464F6B58-9738-4689-B87B-557B6D87C985}.Release|Any CPU.ActiveCfg = Release|Any CPU
		{464F6B58-9738-4689-B87B-557B6D87C985}.Release|Any CPU.Build.0 = Release|Any CPU
		{3FDDD99E-0F2E-48AF-B573-9776E6E3611A}.Debug|Any CPU.ActiveCfg = Debug|Any CPU
		{3FDDD99E-0F2E-48AF-B573-9776E6E3611A}.Debug|Any CPU.Build.0 = Debug|Any CPU
		{3FDDD99E-0F2E-48AF-B573-9776E6E3611A}.Release|Any CPU.ActiveCfg = Release|Any CPU
		{3FDDD99E-0F2E-48AF-B573-9776E6E3611A}.Release|Any CPU.Build.0 = Release|Any CPU
		{15DD2C10-D6AF-4E9F-9918-3582BDC26619}.Debug|Any CPU.ActiveCfg = Debug|Any CPU
		{15DD2C10-D6AF-4E9F-9918-3582BDC26619}.Debug|Any CPU.Build.0 = Debug|Any CPU
		{15DD2C10-D6AF-4E9F-9918-3582BDC26619}.Release|Any CPU.ActiveCfg = Release|Any CPU
		{15DD2C10-D6AF-4E9F-9918-3582BDC26619}.Release|Any CPU.Build.0 = Release|Any CPU
	EndGlobalSection
	GlobalSection(SolutionProperties) = preSolution
		HideSolutionNode = FALSE
	EndGlobalSection
	GlobalSection(ExtensibilityGlobals) = postSolution
		SolutionGuid = {F5509322-4876-4581-9635-7368C91AA591}
	EndGlobalSection
EndGlobal
